version = 1
revision = 3
requires-python = ">=3.9"

[[package]]
name = "courts-db"
version = "0.10.27"
source = { editable = "." }

[package.dev-dependencies]
dev = [
    { name = "pyrefly" },
]

[package.metadata]

[package.metadata.requires-dev]
dev = [{ name = "pyrefly", specifier = ">=1.3.1" }]

[[package]]
name = "pyrefly"
version = "1.3.1"
source = { registry = "https://pypi.org/simple" }
sdist = { url = "https://files.pythonhosted.org/packages/4c/7e/082cc1b392318bacfbc087732524f3e089e9e7fe45b7645c4649b6f1f1e9/pyrefly-1.3.1.tar.gz", hash = "sha256:b774f1dfac82867fc16fe2175d80a630e2a72a6835d5b7e492568d6bfb6b05e7", size = 6679145, upload-time = "2026-09-15T05:09:34.49Z" }
wheels = [
    { url = "https://files.pythonhosted.org/packages/6b/bc/f09b5bd7eed796349bd93627aa2c3086df7ed0a114dafc3d2b2841599ee7/pyrefly-1.3.1-py3-none-macosx_10_12_x86_64.whl", hash = "sha256:0a2a7dfed824fb066aa8a7c8d856c152b98e998fb84b954d5f892fb9834c0bd1", size = 15090117, upload-time = "2026-09-15T05:08:58.477Z" },
    { url = "https://files.pythonhosted.org/packages/78/24/a31e7de8e0f310c9f0753826d0df8b6a8ff86793941a6bd88ba24b735633/pyrefly-1.3.1-py3-none-macosx_11_0_arm64.whl", hash = "sha256:37a1a1fb41e7190fe3964a877875dd809d6ee2887809e2c3d6e5f25a69805bfd", size = 14430773, upload-time = "2026-09-15T05:09:01.67Z" },
    { url = "https://files.pythonhosted.org/packages/75/e1/022352beb186f36d6213a95a975c42676ee418ff5e730629378d25564c5e/pyrefly-1.3.1-py3-none-manylinux_2_17_aarch64.manylinux2014_aarch64.whl", hash = "sha256:45b7650bc651a5a784701f2fb4f579da9a421c4d1b5fd91f9048f4529e46093c", size = 14877762, upload-time = "2026-09-15T05:09:04.767Z" },
    { url = "https://files.pythonhosted.org/packages/19/2c/d62a1b445aad1fd46375b83393b8a67da53883aeeba73d269ce71b3e8fd1/pyrefly-1.3.1-py3-none-manylinux_2_17_i686.manylinux2014_i686.whl", hash = "sha256:ad57f38bc73679c14a5f62995a2bd3bc43649b7270c858487e2eab78a6f95362", size = 16118225, upload-time = "2026-09-15T05:09:07.828Z" },
    { url = "https://files.pythonhosted.org/packages/32/67/3c3fa8a13e3ce8d8322ffb3627255a41a52261f17793e1a24e9214f10857/pyrefly-1.3.1-py3-none-manylinux_2_17_ppc64le.manylinux2014_ppc64le.whl", hash = "sha256:3506b1252e9f5d755d0693c5a46d46b85579d36534f6e22a41eb8e098d0dde90", size = 16051197, upload-time = "2026-09-15T05:09:10.81Z" },
    { url = "https://files.pythonhosted.org/packages/19/d1/84f81b9e32288b5d11c75e006f67e0f6b78b85da575673bd1a21524c8172/pyrefly-1.3.1-py3-none-manylinux_2_17_x86_64.manylinux2014_x86_64.whl", hash = "sha256:39d5a17c1ad655e5f93a6e8e0be90b8db28c6015fe07d6ed4e054891c9e14ef8", size = 15440062, upload-time = "2026-09-15T05:09:14.641Z" },
    { url = "https://files.pythonhosted.org/packages/46/3c/2aa0c5ad6a2957a728bb38cfab70d1e9cafad21b0b1c1d92df74a3cf22bd/pyrefly-1.3.1-py3-none-musllinux_1_2_aarch64.whl", hash = "sha256:c61e9dcf888beb81ca0e0c60ea4442640fdcf2f1f65bfe3d9f5d89b85516eb03", size = 14898534, upload-time = "2026-09-15T05:09:17.823Z" },
    { url = "https://files.pythonhosted.org/packages/03/5d/2974f249fb2e285f966485719d977c5a2248cc4866403af94d935775ff15/pyrefly-1.3.1-py3-none-musllinux_1_2_x86_64.whl", hash = "sha256:a78eed1c53f37807f0e2997be8edbe833b91eb9915f2cb553a1bdcd599e7105c", size = 15477758, upload-time = "2026-09-15T05:09:20.964Z" },
    { url = "https://files.pythonhosted.org/packages/68/79/d31f8f0abf5b0610ec24183286ee8a1ee5b76c9aaaa91091399d7e1aaf60/pyrefly-1.3.1-py3-none-win32.whl", hash = "sha256:ea0d0349f1bc80fe8e00a7b3640e40db7486398b685f87b9bd5d2207063668f0", size = 14133005, upload-time = "2026-09-15T05:09:25.03Z" },
    { url = "https://files.pythonhosted.org/packages/3f/23/1859f47f536314755d80c4ec2a76d2698435ae8b73604bcd1dfa57ecb39b/pyrefly-1.3.1-py3-none-win_amd64.whl", hash = "sha256:4c24e7d99df9237916c33be23714219a7c8eaf22bad2ac0c3e1d45adcf7df8fb", size = 15066557, upload-time = "2026-09-15T05:09:28.265Z" },
    { url = "https://files.pythonhosted.org/packages/92/2a/73e3721921c2bb2c950a9f8c362ee5e2367556b5d4416eb4f8f88503e66f/pyrefly-1.3.1-py3-none-win_arm64.whl", hash = "sha256:1ed85e2b957a78e93353125d890ce3668ce450e49b74025a15c87b6e8ec7f3d1", size = 14348209, upload-time = "2026-09-15T05:09:31.422Z" },
]
